<?xml version="1.0" encoding="utf-8"?>
<Project ToolsVersion="4.0" xmlns="http://schemas.microsoft.com/developer/msbuild/2003">
  <ItemGroup>
    <ClCompile Include="Source\CollisionBody.cpp">
      <Filter>Source Files\Physics</Filter>
    </ClCompile>
    <ClCompile Include="Source\shader.cpp">
      <Filter>Source Files\Rendering</Filter>
    </ClCompile>
    <ClCompile Include="Source\Contacts.cpp">
      <Filter>Source Files\Physics</Filter>
    </ClCompile>
    <ClCompile Include="Source\Force.cpp">
      <Filter>Source Files\Physics</Filter>
    </ClCompile>
    <ClCompile Include="Source\Graphics.cpp">
      <Filter>Source Files\Rendering</Filter>
    </ClCompile>
    <ClCompile Include="Source\Keyboard.cpp">
      <Filter>Source Files\Application</Filter>
    </ClCompile>
    <ClCompile Include="Source\MeshBuilder.cpp">
      <Filter>Source Files\Mesh</Filter>
    </ClCompile>
    <ClCompile Include="Source\Mesh.cpp">
      <Filter>Source Files\Mesh</Filter>
    </ClCompile>
    <ClCompile Include="Source\WizardLv2.cpp">
      <Filter>Source Files\Characters</Filter>
    </ClCompile>
    <ClCompile Include="Source\ShopperIdlerLv1.cpp">
      <Filter>Source Files\Characters</Filter>
    </ClCompile>
    <ClCompile Include="Source\ShopperPayerLv1.cpp">
      <Filter>Source Files\Characters</Filter>
    </ClCompile>
    <ClCompile Include="Source\ShopperWandererLv2.cpp">
      <Filter>Source Files\Characters</Filter>
    </ClCompile>
    <ClCompile Include="Source\Shopper.cpp">
      <Filter>Source Files\Characters</Filter>
    </ClCompile>
    <ClCompile Include="Source\PlayerHuman.cpp">
      <Filter>Source Files\Characters</Filter>
    </ClCompile>
    <ClCompile Include="Source\PlayerFrog.cpp">
      <Filter>Source Files\Characters</Filter>
    </ClCompile>
    <ClCompile Include="Source\Player.cpp">
      <Filter>Source Files\Characters</Filter>
    </ClCompile>
    <ClCompile Include="Source\Voxel.cpp">
      <Filter>Source Files\Physics</Filter>
    </ClCompile>
    <ClCompile Include="Source\SceneMain.cpp">
      <Filter>Source Files\Scenes</Filter>
    </ClCompile>
    <ClCompile Include="Source\ScenePhysics.cpp">
      <Filter>Source Files\Scenes</Filter>
    </ClCompile>
    <ClCompile Include="Source\RobotCashier.cpp">
      <Filter>Source Files\Characters</Filter>
    </ClCompile>
    <ClCompile Include="Source\Polygon.cpp">
      <Filter>Source Files\Mesh</Filter>
    </ClCompile>
    <ClCompile Include="Source\main.cpp">
      <Filter>Source Files\Application</Filter>
    </ClCompile>
    <ClCompile Include="Source\Application.cpp">
      <Filter>Source Files\Application</Filter>
    </ClCompile>
    <ClCompile Include="Source\Camera.cpp">
      <Filter>Source Files\Rendering</Filter>
    </ClCompile>
    <ClCompile Include="Source\Character.cpp">
      <Filter>Source Files\Characters</Filter>
    </ClCompile>
    <ClCompile Include="Source\LoadOBJ.cpp">
      <Filter>Source Files\Mesh</Filter>
    </ClCompile>
    <ClCompile Include="Source\LoadTGA.cpp">
      <Filter>Source Files\Rendering</Filter>
    </ClCompile>
    <ClCompile Include="Source\DrawOrder.cpp">
      <Filter>Source Files\Rendering</Filter>
    </ClCompile>
    <ClCompile Include="Source\ContactSolver.cpp">
      <Filter>Source Files\Physics</Filter>
    </ClCompile>
    <ClCompile Include="Source\GLMouse.cpp">
      <Filter>Source Files\Application</Filter>
    </ClCompile>
    <ClCompile Include="Source\LostChild.cpp">
      <Filter>Source Files\Characters</Filter>
    </ClCompile>
    <ClCompile Include="Source\VoxelOctree.cpp">
      <Filter>Source Files\Containers</Filter>
    </ClCompile>
    <ClCompile Include="Source\VoxelLeaf.cpp">
      <Filter>Source Files\Containers</Filter>
    </ClCompile>
    <ClCompile Include="Source\GlobalList.cpp">
      <Filter>Source Files\Containers</Filter>
    </ClCompile>
    <ClCompile Include="Source\Directory.cpp">
      <Filter>Source Files\Containers</Filter>
    </ClCompile>
    <ClCompile Include="Source\ItemInteraction.cpp">
      <Filter>Source Files\Interactions</Filter>
    </ClCompile>
    <ClCompile Include="Source\DoorInteraction.cpp">
      <Filter>Source Files\Interactions</Filter>
    </ClCompile>
    <ClCompile Include="Source\Trolley.cpp">
      <Filter>Source Files\Interactions</Filter>
    </ClCompile>
  </ItemGroup>
  <ItemGroup>
    <ClInclude Include="Source\Application.h">
      <Filter>Header Files\Application</Filter>
    </ClInclude>
    <ClInclude Include="Source\Camera.h">
      <Filter>Header Files\Rendering</Filter>
    </ClInclude>
    <ClInclude Include="Source\Character.h">
      <Filter>Header Files\Characters</Filter>
    </ClInclude>
    <ClInclude Include="Source\CollisionBody.h">
      <Filter>Header Files\Physics</Filter>
    </ClInclude>
    <ClInclude Include="Source\ContactSolver.h">
      <Filter>Header Files\Physics</Filter>
    </ClInclude>
    <ClInclude Include="Source\Contacts.h">
      <Filter>Header Files\Physics</Filter>
    </ClInclude>
    <ClInclude Include="Source\Force.h">
      <Filter>Header Files\Physics</Filter>
    </ClInclude>
    <ClInclude Include="Source\Directory.h">
      <Filter>Header Files\Containers</Filter>
    </ClInclude>
    <ClInclude Include="Source\GlobalList.h">
      <Filter>Header Files\Containers</Filter>
    </ClInclude>
    <ClInclude Include="Source\shader.hpp">
      <Filter>Header Files\Rendering</Filter>
    </ClInclude>
    <ClInclude Include="Source\Polygon.h">
      <Filter>Header Files\Mesh</Filter>
    </ClInclude>
    <ClInclude Include="Source\Keyboard.h">
      <Filter>Header Files\Application</Filter>
    </ClInclude>
    <ClInclude Include="Source\DrawOrder.h">
      <Filter>Header Files\Rendering</Filter>
    </ClInclude>
    <ClInclude Include="Source\GLMouse.h">
      <Filter>Header Files\Application</Filter>
    </ClInclude>
    <ClInclude Include="Source\Light.h">
      <Filter>Header Files\Rendering</Filter>
    </ClInclude>
    <ClInclude Include="Source\LoadOBJ.h">
      <Filter>Header Files\Mesh</Filter>
    </ClInclude>
    <ClInclude Include="Source\Material.h">
      <Filter>Header Files\Rendering</Filter>
    </ClInclude>
    <ClInclude Include="Source\Mesh.h">
      <Filter>Header Files\Mesh</Filter>
    </ClInclude>
    <ClInclude Include="Source\SceneMain.h">
      <Filter>Header Files\Scenes</Filter>
    </ClInclude>
    <ClInclude Include="Source\ScenePhysics.h">
      <Filter>Header Files\Scenes</Filter>
    </ClInclude>
    <ClInclude Include="Source\MeshBuilder.h">
      <Filter>Header Files\Mesh</Filter>
    </ClInclude>
    <ClInclude Include="Source\Vertex.h">
      <Filter>Header Files\Mesh</Filter>
    </ClInclude>
    <ClInclude Include="Source\Scene.h">
      <Filter>Header Files\Scenes</Filter>
    </ClInclude>
    <ClInclude Include="Source\Shopper.h">
      <Filter>Header Files\Characters</Filter>
    </ClInclude>
    <ClInclude Include="Source\RobotCashier.h">
      <Filter>Header Files\Characters</Filter>
    </ClInclude>
    <ClInclude Include="Source\PlayerHuman.h">
      <Filter>Header Files\Characters</Filter>
    </ClInclude>
    <ClInclude Include="Source\PlayerFrog.h">
      <Filter>Header Files\Characters</Filter>
    </ClInclude>
    <ClInclude Include="Source\Player.h">
      <Filter>Header Files\Characters</Filter>
    </ClInclude>
    <ClInclude Include="Source\LostChild.h">
      <Filter>Header Files\Characters</Filter>
    </ClInclude>
    <ClInclude Include="Source\ShopperIdlerLv1.h">
      <Filter>Header Files\Characters</Filter>
    </ClInclude>
    <ClInclude Include="Source\ShopperPayerLv1.h">
      <Filter>Header Files\Characters</Filter>
    </ClInclude>
    <ClInclude Include="Source\ShopperWandererLv2.h">
      <Filter>Header Files\Characters</Filter>
    </ClInclude>
    <ClInclude Include="Source\WizardLv2.h">
      <Filter>Header Files\Characters</Filter>
    </ClInclude>
    <ClInclude Include="Source\Graphics.h">
      <Filter>Header Files\Rendering</Filter>
    </ClInclude>
    <ClInclude Include="Source\Voxel.h">
      <Filter>Header Files\Physics</Filter>
    </ClInclude>
    <ClInclude Include="Source\VoxelOctree.h">
      <Filter>Header Files\Containers</Filter>
    </ClInclude>
    <ClInclude Include="Source\VoxelLeaf.h">
      <Filter>Header Files\Containers</Filter>
    </ClInclude>
    <ClInclude Include="Source\LoadTGA.h">
      <Filter>Header Files\Rendering</Filter>
    </ClInclude>
    <ClInclude Include="Source\ItemInteraction.h">
      <Filter>Header Files\Interactions</Filter>
    </ClInclude>
    <ClInclude Include="Source\DoorInteraction.h">
      <Filter>Header Files\Interactions</Filter>
    </ClInclude>
    <ClInclude Include="Source\Trolley.h">
      <Filter>Header Files\Interactions</Filter>
    </ClInclude>
  </ItemGroup>
  <ItemGroup>
    <None Include="Shader\TransformVertexShader.vertexshader">
      <Filter>Shaders</Filter>
    </None>
    <None Include="Shader\Blending.fragmentshader">
      <Filter>Shaders</Filter>
    </None>
    <None Include="Shader\LightSource.fragmentshader">
      <Filter>Shaders</Filter>
    </None>
    <None Include="Shader\MultiLight.fragmentshader">
      <Filter>Shaders</Filter>
    </None>
    <None Include="Shader\Shading.fragmentshader">
      <Filter>Shaders</Filter>
    </None>
    <None Include="Shader\Shading.vertexshader">
      <Filter>Shaders</Filter>
    </None>
    <None Include="Shader\SimpleFragmentShader.fragmentshader">
      <Filter>Shaders</Filter>
    </None>
    <None Include="Shader\SimpleVertexShader.vertexshader">
      <Filter>Shaders</Filter>
    </None>
    <None Include="Shader\Text.fragmentshader">
      <Filter>Shaders</Filter>
    </None>
    <None Include="Shader\Texture.fragmentshader">
      <Filter>Shaders</Filter>
    </None>
    <None Include="Shader\Texture.vertexshader">
      <Filter>Shaders</Filter>
    </None>
  </ItemGroup>
  <ItemGroup>
    <Filter Include="Header Files">
      <UniqueIdentifier>{c16cdcd2-389d-4cc3-88d0-69391a5dc407}</UniqueIdentifier>
    </Filter>
    <Filter Include="Source Files">
      <UniqueIdentifier>{c517160a-db39-48c6-b9b8-a11cfbf8243d}</UniqueIdentifier>
    </Filter>
    <Filter Include="Shaders">
      <UniqueIdentifier>{a1248b75-10f3-4e00-8216-bf08aad41bcd}</UniqueIdentifier>
    </Filter>
    <Filter Include="Header Files\Rendering">
      <UniqueIdentifier>{fb0cbf04-c949-4a85-9274-bc270aa9865a}</UniqueIdentifier>
    </Filter>
    <Filter Include="Header Files\Mesh">
      <UniqueIdentifier>{11d8a62f-6d41-4a51-b76e-b236c7b9b706}</UniqueIdentifier>
    </Filter>
    <Filter Include="Header Files\Physics">
      <UniqueIdentifier>{5278731f-f099-4cd1-aecd-5d1a794e8367}</UniqueIdentifier>
    </Filter>
    <Filter Include="Header Files\Containers">
      <UniqueIdentifier>{c23a8140-a8a3-4608-b352-ebf3e69a061b}</UniqueIdentifier>
    </Filter>
    <Filter Include="Header Files\Application">
      <UniqueIdentifier>{09170313-b8e0-4eda-a90f-9158e3315f58}</UniqueIdentifier>
    </Filter>
    <Filter Include="Header Files\Characters">
      <UniqueIdentifier>{d7b4e118-eac3-4c96-a7b0-b702193e1808}</UniqueIdentifier>
    </Filter>
    <Filter Include="Source Files\Containers">
      <UniqueIdentifier>{3e2fb02d-bc7d-4444-aa47-edc0be247590}</UniqueIdentifier>
    </Filter>
    <Filter Include="Source Files\Application">
      <UniqueIdentifier>{76349bb2-c922-4ac6-9488-631fa2c42f6d}</UniqueIdentifier>
    </Filter>
    <Filter Include="Source Files\Rendering">
      <UniqueIdentifier>{a53b8663-116f-4561-8afd-f4057beacf26}</UniqueIdentifier>
    </Filter>
    <Filter Include="Source Files\Physics">
      <UniqueIdentifier>{48b52395-8004-45ca-b83b-b0c48742cc1a}</UniqueIdentifier>
    </Filter>
    <Filter Include="Source Files\Mesh">
      <UniqueIdentifier>{c19ad386-70cf-49f5-a814-4cd8a691ef23}</UniqueIdentifier>
    </Filter>
    <Filter Include="Source Files\Characters">
      <UniqueIdentifier>{b9cdceea-b1fb-4635-a134-fa0f0c676d51}</UniqueIdentifier>
    </Filter>
    <Filter Include="Source Files\Scenes">
      <UniqueIdentifier>{65513045-6ea3-4317-9f25-f0c6fb346819}</UniqueIdentifier>
    </Filter>
    <Filter Include="Source Files\Interactions">
      <UniqueIdentifier>{a9c99517-9671-443a-b3e5-7f10041c1241}</UniqueIdentifier>
    </Filter>
    <Filter Include="Header Files\Scenes">
      <UniqueIdentifier>{4bd7678f-90f4-4a0c-a860-655bd6e75a53}</UniqueIdentifier>
    </Filter>
    <Filter Include="Header Files\Interactions">
      <UniqueIdentifier>{6792536b-b0f8-4fd6-8fe5-01ff98ae1f1e}</UniqueIdentifier>
    </Filter>
  </ItemGroup>
</Project>